{
  "schema": 1,
  "algorithm": "sha256-git-blobs-base64url",
  "plugins": {
    "convoy": {
      "version": "1.0.2",
      "hash": "3tsegyAwcGqspM769jt2nc7ZH0vFvD4bcMUo0ZIyOL4"
    },
    "worklanes": {
      "version": "0.5.2",
      "hash": "IYvCTmnZ3HSnmJp9yukb5e0H1b4965MtFeUDBHGd34I"
    }
  }
}
