{
  "schema": 1,
  "algorithm": "sha256-git-blobs-base64url",
  "plugins": {
    "convoy": {
      "version": "1.0.3",
      "hash": "9UtDXRCnKvg-A3nIAoHyEkBw-HMfMVFRwd3ljr0ngQg"
    },
    "worklanes": {
      "version": "0.5.2",
      "hash": "IYvCTmnZ3HSnmJp9yukb5e0H1b4965MtFeUDBHGd34I"
    }
  }
}
