{
  "schema": 1,
  "algorithm": "sha256-git-blobs-base64url",
  "plugins": {
    "convoy": {
      "version": "1.0.6",
      "hash": "4gBNn-SRI6ujnBIgjb5rFqR4598Zwa7Y-GOgbn0c8fM"
    },
    "worklanes": {
      "version": "0.5.3",
      "hash": "FGSfwSBbj6LSx6HfJsj_fFMApH4-cnfbhbN65oIqqMY"
    }
  }
}
